
Microsoft Visual Studio Solution File, Format Version 12.00
# Visual Studio Version 17
VisualStudioVersion = 17.6.33815.320
MinimumVisualStudioVersion = 10.0.40219.1
Project("{FAE04EC0-301F-11D3-BF4B-00C04F79EFBC}") = "ps7", "ps7\ps7.csproj", "{119F1A3B-6629-43DD-9ED4-384B1DDC3870}"
EndProject
Global
	GlobalSection(SolutionConfigurationPlatforms) = preSolution
		Debug|Any CPU = Debug|Any CPU
		Release|Any CPU = Release|Any CPU
	EndGlobalSection
	GlobalSection(ProjectConfigurationPlatforms) = postSolution
		{119F1A3B-6629-43DD-9ED4-384B1DDC3870}.Debug|Any CPU.ActiveCfg = Debug|Any CPU
		{119F1A3B-6629-43DD-9ED4-384B1DDC3870}.Debug|Any CPU.Build.0 = Debug|Any CPU
		{119F1A3B-6629-43DD-9ED4-384B1DDC3870}.Release|Any CPU.ActiveCfg = Release|Any CPU
		{119F1A3B-6629-43DD-9ED4-384B1DDC3870}.Release|Any CPU.Build.0 = Release|Any CPU
	EndGlobalSection
	GlobalSection(SolutionProperties) = preSolution
		HideSolutionNode = FALSE
	EndGlobalSection
	GlobalSection(ExtensibilityGlobals) = postSolution
		SolutionGuid = {AF649C73-3E22-49E8-926C-7DCB956E30E4}
	EndGlobalSection
EndGlobal
